
Microsoft Visual Studio Solution File, Format Version 12.00
# Visual Studio Version 17
VisualStudioVersion = 17.5.33516.290
MinimumVisualStudioVersion = 10.0.40219.1
Project("{FAE04EC0-301F-11D3-BF4B-00C04F79EFBC}") = "Jewelry", "Jewelry\Jewelry.csproj", "{A24BDA85-6C1B-46A7-937D-E061B314590D}"
EndProject
Global
	GlobalSection(SolutionConfigurationPlatforms) = preSolution
		Debug|Any CPU = Debug|Any CPU
		Release|Any CPU = Release|Any CPU
	EndGlobalSection
	GlobalSection(ProjectConfigurationPlatforms) = postSolution
		{A24BDA85-6C1B-46A7-937D-E061B314590D}.Debug|Any CPU.ActiveCfg = Debug|Any CPU
		{A24BDA85-6C1B-46A7-937D-E061B314590D}.Debug|Any CPU.Build.0 = Debug|Any CPU
		{A24BDA85-6C1B-46A7-937D-E061B314590D}.Release|Any CPU.ActiveCfg = Release|Any CPU
		{A24BDA85-6C1B-46A7-937D-E061B314590D}.Release|Any CPU.Build.0 = Release|Any CPU
	EndGlobalSection
	GlobalSection(SolutionProperties) = preSolution
		HideSolutionNode = FALSE
	EndGlobalSection
	GlobalSection(ExtensibilityGlobals) = postSolution
		SolutionGuid = {E9996C90-C96B-4CED-8898-5EBC80FAC5A9}
	EndGlobalSection
EndGlobal
